{
  "version": 4,
  "terraform_version": "0.13.2",
  "serial": 102,
  "lineage": "aa5c86ca-be2f-2195-e958-0c190904b7d5",
  "outputs": {},
  "resources": [
    {
      "mode": "data",
      "type": "aws_iam_policy_document",
      "name": "minimal_s3_permissions",
      "provider": "provider[\"registry.terraform.io/hashicorp/aws\"]",
      "instances": [
        {
          "schema_version": 0,
          "attributes": {
            "id": "1901117784",
            "json": "{\n  \"Version\": \"2012-10-17\",\n  \"Statement\": [\n    {\n      \"Sid\": \"AllowS3OperationsOnElasticBeanstalkBuckets\",\n      \"Effect\": \"Allow\",\n      \"Action\": [\n        \"s3:ListAllMyBuckets\",\n        \"s3:GetBucketLocation\"\n      ],\n      \"Resource\": \"*\",\n      \"Principal\": {\n        \"minimal_s3_permissions\": \"*\"\n      }\n    }\n  ]\n}",
            "override_json": null,
            "policy_id": null,
            "source_json": null,
            "statement": [
              {
                "actions": [
                  "s3:GetBucketLocation",
                  "s3:ListAllMyBuckets"
                ],
                "condition": [],
                "effect": "Allow",
                "not_actions": [],
                "not_principals": [],
                "not_resources": [],
                "principals": [
                  {
                    "identifiers": [
                      "*"
                    ],
                    "type": "minimal_s3_permissions"
                  }
                ],
                "resources": [
                  "*"
                ],
                "sid": "AllowS3OperationsOnElasticBeanstalkBuckets"
              }
            ],
            "version": "2012-10-17"
          }
        }
      ]
    },
    {
      "module": "module.elastic-beanstalk",
      "mode": "managed",
      "type": "aws_elastic_beanstalk_application",
      "name": "default",
      "provider": "provider[\"registry.terraform.io/hashicorp/aws\"]",
      "instances": [
        {
          "schema_version": 0,
          "attributes": {
            "appversion_lifecycle": [],
            "arn": "arn:aws:elasticbeanstalk:us-east-2:020046395185:application/elastic-beanstalk-env",
            "description": "Test elastic_beanstalk_application",
            "id": "elastic-beanstalk-env",
            "name": "elastic-beanstalk-env",
            "tags": {}
          },
          "private": "bnVsbA=="
        }
      ]
    },
    {
      "module": "module.elastic-beanstalk",
      "mode": "managed",
      "type": "aws_elastic_beanstalk_configuration_template",
      "name": "tf_template",
      "provider": "provider[\"registry.terraform.io/hashicorp/aws\"]",
      "instances": [
        {
          "schema_version": 0,
          "attributes": {
            "application": "elastic-beanstalk-env",
            "description": "",
            "environment_id": null,
            "id": "elastic-beanstalk-env",
            "name": "elastic-beanstalk-env",
            "setting": [],
            "solution_stack_name": "64bit Amazon Linux 2018.03 v2.16.0 running Docker 19.03.6-ce"
          },
          "private": "bnVsbA==",
          "dependencies": [
            "module.elastic-beanstalk.aws_elastic_beanstalk_application.default"
          ]
        }
      ]
    },
    {
      "module": "module.elastic-beanstalk-bucket",
      "mode": "data",
      "type": "archive_file",
      "name": "api_dist_zip",
      "provider": "provider[\"registry.terraform.io/hashicorp/archive\"]",
      "instances": [
        {
          "schema_version": 0,
          "attributes": {
            "excludes": null,
            "id": "bb4b0e0969363e34e3b51fbd53e534621ed5aa82",
            "output_base64sha256": "l8qIU78rTZYlsGHhvGzoCpRMiJzDLz1jI7xfgAU1PVg=",
            "output_md5": "2b8af656cb77499d7c58268560879c75",
            "output_path": "modules/elastic_beanstalk_bucket/application/Archive.zip",
            "output_sha": "bb4b0e0969363e34e3b51fbd53e534621ed5aa82",
            "output_size": 309075,
            "source": [],
            "source_content": null,
            "source_content_filename": null,
            "source_dir": "modules/elastic_beanstalk_bucket/Archive/",
            "source_file": null,
            "type": "zip"
          }
        }
      ]
    },
    {
      "module": "module.elastic-beanstalk-bucket",
      "mode": "managed",
      "type": "aws_elastic_beanstalk_application_version",
      "name": "default",
      "provider": "provider[\"registry.terraform.io/hashicorp/aws\"]",
      "instances": [
        {
          "schema_version": 0,
          "attributes": {
            "application": "elastic-beanstalk-env",
            "arn": "arn:aws:elasticbeanstalk:us-east-2:020046395185:applicationversion/elastic-beanstalk-env/daniyal-docker-001",
            "bucket": "default-elb-dist",
            "description": "application version created by terraform",
            "force_delete": false,
            "id": "daniyal-docker-001",
            "key": "application/Archive.zip",
            "name": "daniyal-docker-001",
            "tags": {}
          },
          "private": "bnVsbA==",
          "dependencies": [
            "module.elastic-beanstalk-bucket.aws_s3_bucket.dist_bucket",
            "module.elastic-beanstalk-bucket.aws_s3_bucket_object.dist_item",
            "module.elastic-beanstalk.aws_elastic_beanstalk_application.default"
          ]
        }
      ]
    },
    {
      "module": "module.elastic-beanstalk-bucket",
      "mode": "managed",
      "type": "aws_s3_bucket",
      "name": "dist_bucket",
      "provider": "provider[\"registry.terraform.io/hashicorp/aws\"]",
      "instances": [
        {
          "schema_version": 0,
          "attributes": {
            "acceleration_status": "",
            "acl": "public-read",
            "arn": "arn:aws:s3:::default-elb-dist",
            "bucket": "default-elb-dist",
            "bucket_domain_name": "default-elb-dist.s3.amazonaws.com",
            "bucket_prefix": null,
            "bucket_regional_domain_name": "default-elb-dist.s3.us-east-2.amazonaws.com",
            "cors_rule": [],
            "force_destroy": false,
            "grant": [],
            "hosted_zone_id": "Z2O1EMRO9K5GLX",
            "id": "default-elb-dist",
            "lifecycle_rule": [],
            "logging": [],
            "object_lock_configuration": [],
            "policy": null,
            "region": "us-east-2",
            "replication_configuration": [],
            "request_payer": "BucketOwner",
            "server_side_encryption_configuration": [],
            "tags": {},
            "versioning": [
              {
                "enabled": false,
                "mfa_delete": false
              }
            ],
            "website": [],
            "website_domain": null,
            "website_endpoint": null
          },
          "private": "bnVsbA=="
        }
      ]
    },
    {
      "module": "module.elastic-beanstalk-bucket",
      "mode": "managed",
      "type": "aws_s3_bucket_object",
      "name": "dist_item",
      "provider": "provider[\"registry.terraform.io/hashicorp/aws\"]",
      "instances": [
        {
          "schema_version": 0,
          "attributes": {
            "acl": "private",
            "bucket": "default-elb-dist",
            "cache_control": "",
            "content": null,
            "content_base64": null,
            "content_disposition": "",
            "content_encoding": "",
            "content_language": "",
            "content_type": "binary/octet-stream",
            "etag": "2b8af656cb77499d7c58268560879c75",
            "force_destroy": false,
            "id": "application/Archive.zip",
            "key": "application/Archive.zip",
            "kms_key_id": null,
            "metadata": {},
            "object_lock_legal_hold_status": "",
            "object_lock_mode": "",
            "object_lock_retain_until_date": "",
            "server_side_encryption": "",
            "source": "modules/elastic_beanstalk_bucket/application/Archive.zip",
            "storage_class": "STANDARD",
            "tags": {},
            "version_id": "",
            "website_redirect": ""
          },
          "private": "bnVsbA==",
          "dependencies": [
            "module.elastic-beanstalk-bucket.aws_s3_bucket.dist_bucket"
          ]
        }
      ]
    },
    {
      "module": "module.elastic-beanstalk-environment",
      "mode": "data",
      "type": "aws_elb_service_account",
      "name": "main",
      "provider": "provider[\"registry.terraform.io/hashicorp/aws\"]",
      "instances": [
        {
          "index_key": 0,
          "schema_version": 0,
          "attributes": {
            "arn": "arn:aws:iam::033677994240:root",
            "id": "033677994240",
            "region": null
          }
        }
      ]
    },
    {
      "module": "module.elastic-beanstalk-environment",
      "mode": "data",
      "type": "aws_iam_policy_document",
      "name": "default",
      "provider": "provider[\"registry.terraform.io/hashicorp/aws\"]",
      "instances": [
        {
          "schema_version": 0,
          "attributes": {
            "id": "3758299711",
            "json": "{\n  \"Version\": \"2012-10-17\",\n  \"Statement\": [\n    {\n      \"Sid\": \"\",\n      \"Effect\": \"Allow\",\n      \"Action\": [\n        \"sqs:GetQueueUrl\",\n        \"sqs:GetQueueAttributes\",\n        \"elasticloadbalancing:DescribeTargetHealth\",\n        \"elasticloadbalancing:DescribeLoadBalancers\",\n        \"elasticloadbalancing:DescribeInstanceHealth\",\n        \"ec2:GetConsoleOutput\",\n        \"ec2:DescribeSecurityGroups\",\n        \"ec2:DescribeInstances\",\n        \"ec2:DescribeInstanceStatus\",\n        \"ec2:DescribeAddresses\",\n        \"ec2:AssociateAddress\",\n        \"autoscaling:DescribeScalingActivities\",\n        \"autoscaling:DescribeNotificationConfigurations\",\n        \"autoscaling:DescribeAutoScalingInstances\",\n        \"autoscaling:DescribeAutoScalingGroups\"\n      ],\n      \"Resource\": \"*\"\n    },\n    {\n      \"Sid\": \"AllowOperations\",\n      \"Effect\": \"Allow\",\n      \"Action\": [\n        \"sqs:GetQueueUrl\",\n        \"sqs:GetQueueAttributes\",\n        \"sns:Subscribe\",\n        \"sns:ListSubscriptionsByTopic\",\n        \"sns:GetTopicAttributes\",\n        \"sns:CreateTopic\",\n        \"s3:ListBucket\",\n        \"s3:GetObjectAcl\",\n        \"s3:GetObject\",\n        \"rds:DescribeOrderableDBInstanceOptions\",\n        \"rds:DescribeDBInstances\",\n        \"rds:DescribeDBEngineVersions\",\n        \"logs:PutRetentionPolicy\",\n        \"logs:CreateLogGroup\",\n        \"iam:PassRole\",\n        \"iam:ListRoles\",\n        \"elasticloadbalancing:RegisterTargets\",\n        \"elasticloadbalancing:RegisterInstancesWithLoadBalancer\",\n        \"elasticloadbalancing:DescribeTargetHealth\",\n        \"elasticloadbalancing:DescribeTargetGroups\",\n        \"elasticloadbalancing:DescribeLoadBalancers\",\n        \"elasticloadbalancing:DescribeInstanceHealth\",\n        \"elasticloadbalancing:DeregisterTargets\",\n        \"elasticloadbalancing:DeregisterInstancesFromLoadBalancer\",\n        \"elasticloadbalancing:DeleteLoadBalancer\",\n        \"elasticloadbalancing:CreateLoadBalancer\",\n        \"elasticloadbalancing:ConfigureHealthCheck\",\n        \"elasticloadbalancing:ApplySecurityGroupsToLoadBalancer\",\n        \"elasticbeanstalk:*\",\n        \"ecs:RegisterTaskDefinition\",\n        \"ecs:DescribeClusters\",\n        \"ecs:DeleteCluster\",\n        \"ecs:CreateCluster\",\n        \"ec2:TerminateInstances\",\n        \"ec2:RevokeSecurityGroupIngress\",\n        \"ec2:RevokeSecurityGroupEgress\",\n        \"ec2:ReleaseAddress\",\n        \"ec2:DisassociateAddress\",\n        \"ec2:DescribeVpcs\",\n        \"ec2:DescribeSubnets\",\n        \"ec2:DescribeSnapshots\",\n        \"ec2:DescribeSecurityGroups\",\n        \"ec2:DescribeKeyPairs\",\n        \"ec2:DescribeInstances\",\n        \"ec2:DescribeImages\",\n        \"ec2:DescribeAddresses\",\n        \"ec2:DescribeAccountAttributes\",\n        \"ec2:DeleteSecurityGroup\",\n        \"ec2:CreateSecurityGroup\",\n        \"ec2:AuthorizeSecurityGroupIngress\",\n        \"ec2:AuthorizeSecurityGroupEgress\",\n        \"ec2:AssociateAddress\",\n        \"ec2:AllocateAddress\",\n        \"codebuild:StartBuild\",\n        \"codebuild:DeleteProject\",\n        \"codebuild:CreateProject\",\n        \"codebuild:BatchGetBuilds\",\n        \"cloudwatch:PutMetricAlarm\",\n        \"autoscaling:UpdateAutoScalingGroup\",\n        \"autoscaling:TerminateInstanceInAutoScalingGroup\",\n        \"autoscaling:SuspendProcesses\",\n        \"autoscaling:SetDesiredCapacity\",\n        \"autoscaling:ResumeProcesses\",\n        \"autoscaling:PutScheduledUpdateGroupAction\",\n        \"autoscaling:DetachInstances\",\n        \"autoscaling:DescribeScheduledActions\",\n        \"autoscaling:DescribeScalingActivities\",\n        \"autoscaling:DescribeNotificationConfigurations\",\n        \"autoscaling:DescribeLoadBalancers\",\n        \"autoscaling:DescribeLaunchConfigurations\",\n        \"autoscaling:DescribeAutoScalingInstances\",\n        \"autoscaling:DescribeAutoScalingGroups\",\n        \"autoscaling:DescribeAccountLimits\",\n        \"autoscaling:DeleteScheduledAction\",\n        \"autoscaling:DeleteLaunchConfiguration\",\n        \"autoscaling:DeleteAutoScalingGroup\",\n        \"autoscaling:CreateLaunchConfiguration\",\n        \"autoscaling:CreateAutoScalingGroup\",\n        \"autoscaling:AttachInstances\"\n      ],\n      \"Resource\": \"*\"\n    },\n    {\n      \"Sid\": \"AllowS3OperationsOnElasticBeanstalkBuckets\",\n      \"Effect\": \"Allow\",\n      \"Action\": \"s3:*\",\n      \"Resource\": \"arn:aws:s3:::*\"\n    },\n    {\n      \"Sid\": \"AllowDeleteCloudwatchLogGroups\",\n      \"Effect\": \"Allow\",\n      \"Action\": \"logs:DeleteLogGroup\",\n      \"Resource\": \"arn:aws:logs:*:*:log-group:/aws/elasticbeanstalk*\"\n    },\n    {\n      \"Sid\": \"AllowCloudformationOperationsOnElasticBeanstalkStacks\",\n      \"Effect\": \"Allow\",\n      \"Action\": \"cloudformation:*\",\n      \"Resource\": [\n        \"arn:aws:cloudformation:*:*:stack/eb-*\",\n        \"arn:aws:cloudformation:*:*:stack/awseb-*\"\n      ]\n    }\n  ]\n}",
            "override_json": null,
            "policy_id": null,
            "source_json": null,
            "statement": [
              {
                "actions": [
                  "autoscaling:DescribeAutoScalingGroups",
                  "autoscaling:DescribeAutoScalingInstances",
                  "autoscaling:DescribeNotificationConfigurations",
                  "autoscaling:DescribeScalingActivities",
                  "ec2:AssociateAddress",
                  "ec2:DescribeAddresses",
                  "ec2:DescribeInstanceStatus",
                  "ec2:DescribeInstances",
                  "ec2:DescribeSecurityGroups",
                  "ec2:GetConsoleOutput",
                  "elasticloadbalancing:DescribeInstanceHealth",
                  "elasticloadbalancing:DescribeLoadBalancers",
                  "elasticloadbalancing:DescribeTargetHealth",
                  "sqs:GetQueueAttributes",
                  "sqs:GetQueueUrl"
                ],
                "condition": [],
                "effect": "Allow",
                "not_actions": [],
                "not_principals": [],
                "not_resources": [],
                "principals": [],
                "resources": [
                  "*"
                ],
                "sid": ""
              },
              {
                "actions": [
                  "autoscaling:AttachInstances",
                  "autoscaling:CreateAutoScalingGroup",
                  "autoscaling:CreateLaunchConfiguration",
                  "autoscaling:DeleteAutoScalingGroup",
                  "autoscaling:DeleteLaunchConfiguration",
                  "autoscaling:DeleteScheduledAction",
                  "autoscaling:DescribeAccountLimits",
                  "autoscaling:DescribeAutoScalingGroups",
                  "autoscaling:DescribeAutoScalingInstances",
                  "autoscaling:DescribeLaunchConfigurations",
                  "autoscaling:DescribeLoadBalancers",
                  "autoscaling:DescribeNotificationConfigurations",
                  "autoscaling:DescribeScalingActivities",
                  "autoscaling:DescribeScheduledActions",
                  "autoscaling:DetachInstances",
                  "autoscaling:PutScheduledUpdateGroupAction",
                  "autoscaling:ResumeProcesses",
                  "autoscaling:SetDesiredCapacity",
                  "autoscaling:SuspendProcesses",
                  "autoscaling:TerminateInstanceInAutoScalingGroup",
                  "autoscaling:UpdateAutoScalingGroup",
                  "cloudwatch:PutMetricAlarm",
                  "codebuild:BatchGetBuilds",
                  "codebuild:CreateProject",
                  "codebuild:DeleteProject",
                  "codebuild:StartBuild",
                  "ec2:AllocateAddress",
                  "ec2:AssociateAddress",
                  "ec2:AuthorizeSecurityGroupEgress",
                  "ec2:AuthorizeSecurityGroupIngress",
                  "ec2:CreateSecurityGroup",
                  "ec2:DeleteSecurityGroup",
                  "ec2:DescribeAccountAttributes",
                  "ec2:DescribeAddresses",
                  "ec2:DescribeImages",
                  "ec2:DescribeInstances",
                  "ec2:DescribeKeyPairs",
                  "ec2:DescribeSecurityGroups",
                  "ec2:DescribeSnapshots",
                  "ec2:DescribeSubnets",
                  "ec2:DescribeVpcs",
                  "ec2:DisassociateAddress",
                  "ec2:ReleaseAddress",
                  "ec2:RevokeSecurityGroupEgress",
                  "ec2:RevokeSecurityGroupIngress",
                  "ec2:TerminateInstances",
                  "ecs:CreateCluster",
                  "ecs:DeleteCluster",
                  "ecs:DescribeClusters",
                  "ecs:RegisterTaskDefinition",
                  "elasticbeanstalk:*",
                  "elasticloadbalancing:ApplySecurityGroupsToLoadBalancer",
                  "elasticloadbalancing:ConfigureHealthCheck",
                  "elasticloadbalancing:CreateLoadBalancer",
                  "elasticloadbalancing:DeleteLoadBalancer",
                  "elasticloadbalancing:DeregisterInstancesFromLoadBalancer",
                  "elasticloadbalancing:DeregisterTargets",
                  "elasticloadbalancing:DescribeInstanceHealth",
                  "elasticloadbalancing:DescribeLoadBalancers",
                  "elasticloadbalancing:DescribeTargetGroups",
                  "elasticloadbalancing:DescribeTargetHealth",
                  "elasticloadbalancing:RegisterInstancesWithLoadBalancer",
                  "elasticloadbalancing:RegisterTargets",
                  "iam:ListRoles",
                  "iam:PassRole",
                  "logs:CreateLogGroup",
                  "logs:PutRetentionPolicy",
                  "rds:DescribeDBEngineVersions",
                  "rds:DescribeDBInstances",
                  "rds:DescribeOrderableDBInstanceOptions",
                  "s3:GetObject",
                  "s3:GetObjectAcl",
                  "s3:ListBucket",
                  "sns:CreateTopic",
                  "sns:GetTopicAttributes",
                  "sns:ListSubscriptionsByTopic",
                  "sns:Subscribe",
                  "sqs:GetQueueAttributes",
                  "sqs:GetQueueUrl"
                ],
                "condition": [],
                "effect": "Allow",
                "not_actions": [],
                "not_principals": [],
                "not_resources": [],
                "principals": [],
                "resources": [
                  "*"
                ],
                "sid": "AllowOperations"
              },
              {
                "actions": [
                  "s3:*"
                ],
                "condition": [],
                "effect": "Allow",
                "not_actions": [],
                "not_principals": [],
                "not_resources": [],
                "principals": [],
                "resources": [
                  "arn:aws:s3:::*"
                ],
                "sid": "AllowS3OperationsOnElasticBeanstalkBuckets"
              },
              {
                "actions": [
                  "logs:DeleteLogGroup"
                ],
                "condition": [],
                "effect": "Allow",
                "not_actions": [],
                "not_principals": [],
                "not_resources": [],
                "principals": [],
                "resources": [
                  "arn:aws:logs:*:*:log-group:/aws/elasticbeanstalk*"
                ],
                "sid": "AllowDeleteCloudwatchLogGroups"
              },
              {
                "actions": [
                  "cloudformation:*"
                ],
                "condition": [],
                "effect": "Allow",
                "not_actions": [],
                "not_principals": [],
                "not_resources": [],
                "principals": [],
                "resources": [
                  "arn:aws:cloudformation:*:*:stack/awseb-*",
                  "arn:aws:cloudformation:*:*:stack/eb-*"
                ],
                "sid": "AllowCloudformationOperationsOnElasticBeanstalkStacks"
              }
            ],
            "version": "2012-10-17"
          }
        }
      ]
    },
    {
      "module": "module.elastic-beanstalk-environment",
      "mode": "data",
      "type": "aws_iam_policy_document",
      "name": "ec2",
      "provider": "provider[\"registry.terraform.io/hashicorp/aws\"]",
      "instances": [
        {
          "schema_version": 0,
          "attributes": {
            "id": "664989371",
            "json": "{\n  \"Version\": \"2012-10-17\",\n  \"Statement\": [\n    {\n      \"Sid\": \"\",\n      \"Effect\": \"Allow\",\n      \"Action\": \"sts:AssumeRole\",\n      \"Principal\": {\n        \"Service\": \"ec2.amazonaws.com\"\n      }\n    },\n    {\n      \"Sid\": \"\",\n      \"Effect\": \"Allow\",\n      \"Action\": \"sts:AssumeRole\",\n      \"Principal\": {\n        \"Service\": \"ssm.amazonaws.com\"\n      }\n    }\n  ]\n}",
            "override_json": null,
            "policy_id": null,
            "source_json": null,
            "statement": [
              {
                "actions": [
                  "sts:AssumeRole"
                ],
                "condition": [],
                "effect": "Allow",
                "not_actions": [],
                "not_principals": [],
                "not_resources": [],
                "principals": [
                  {
                    "identifiers": [
                      "ec2.amazonaws.com"
                    ],
                    "type": "Service"
                  }
                ],
                "resources": [],
                "sid": ""
              },
              {
                "actions": [
                  "sts:AssumeRole"
                ],
                "condition": [],
                "effect": "Allow",
                "not_actions": [],
                "not_principals": [],
                "not_resources": [],
                "principals": [
                  {
                    "identifiers": [
                      "ssm.amazonaws.com"
                    ],
                    "type": "Service"
                  }
                ],
                "resources": [],
                "sid": ""
              }
            ],
            "version": "2012-10-17"
          }
        }
      ]
    },
    {
      "module": "module.elastic-beanstalk-environment",
      "mode": "data",
      "type": "aws_iam_policy_document",
      "name": "extended",
      "provider": "provider[\"registry.terraform.io/hashicorp/aws\"]",
      "instances": [
        {
          "schema_version": 0,
          "attributes": {
            "id": "3990238147",
            "json": "{\n  \"Version\": \"2012-10-17\",\n  \"Statement\": [\n    {\n      \"Sid\": \"\",\n      \"Effect\": \"Allow\",\n      \"Action\": [\n        \"sqs:GetQueueUrl\",\n        \"sqs:GetQueueAttributes\",\n        \"elasticloadbalancing:DescribeTargetHealth\",\n        \"elasticloadbalancing:DescribeLoadBalancers\",\n        \"elasticloadbalancing:DescribeInstanceHealth\",\n        \"ec2:GetConsoleOutput\",\n        \"ec2:DescribeSecurityGroups\",\n        \"ec2:DescribeInstances\",\n        \"ec2:DescribeInstanceStatus\",\n        \"ec2:DescribeAddresses\",\n        \"ec2:AssociateAddress\",\n        \"autoscaling:DescribeScalingActivities\",\n        \"autoscaling:DescribeNotificationConfigurations\",\n        \"autoscaling:DescribeAutoScalingInstances\",\n        \"autoscaling:DescribeAutoScalingGroups\"\n      ],\n      \"Resource\": \"*\"\n    },\n    {\n      \"Sid\": \"AllowOperations\",\n      \"Effect\": \"Allow\",\n      \"Action\": [\n        \"sqs:GetQueueUrl\",\n        \"sqs:GetQueueAttributes\",\n        \"sns:Subscribe\",\n        \"sns:ListSubscriptionsByTopic\",\n        \"sns:GetTopicAttributes\",\n        \"sns:CreateTopic\",\n        \"s3:ListBucket\",\n        \"s3:GetObjectAcl\",\n        \"s3:GetObject\",\n        \"rds:DescribeOrderableDBInstanceOptions\",\n        \"rds:DescribeDBInstances\",\n        \"rds:DescribeDBEngineVersions\",\n        \"logs:PutRetentionPolicy\",\n        \"logs:CreateLogGroup\",\n        \"iam:PassRole\",\n        \"iam:ListRoles\",\n        \"elasticloadbalancing:RegisterTargets\",\n        \"elasticloadbalancing:RegisterInstancesWithLoadBalancer\",\n        \"elasticloadbalancing:DescribeTargetHealth\",\n        \"elasticloadbalancing:DescribeTargetGroups\",\n        \"elasticloadbalancing:DescribeLoadBalancers\",\n        \"elasticloadbalancing:DescribeInstanceHealth\",\n        \"elasticloadbalancing:DeregisterTargets\",\n        \"elasticloadbalancing:DeregisterInstancesFromLoadBalancer\",\n        \"elasticloadbalancing:DeleteLoadBalancer\",\n        \"elasticloadbalancing:CreateLoadBalancer\",\n        \"elasticloadbalancing:ConfigureHealthCheck\",\n        \"elasticloadbalancing:ApplySecurityGroupsToLoadBalancer\",\n        \"elasticbeanstalk:*\",\n        \"ecs:RegisterTaskDefinition\",\n        \"ecs:DescribeClusters\",\n        \"ecs:DeleteCluster\",\n        \"ecs:CreateCluster\",\n        \"ec2:TerminateInstances\",\n        \"ec2:RevokeSecurityGroupIngress\",\n        \"ec2:RevokeSecurityGroupEgress\",\n        \"ec2:ReleaseAddress\",\n        \"ec2:DisassociateAddress\",\n        \"ec2:DescribeVpcs\",\n        \"ec2:DescribeSubnets\",\n        \"ec2:DescribeSnapshots\",\n        \"ec2:DescribeSecurityGroups\",\n        \"ec2:DescribeKeyPairs\",\n        \"ec2:DescribeInstances\",\n        \"ec2:DescribeImages\",\n        \"ec2:DescribeAddresses\",\n        \"ec2:DescribeAccountAttributes\",\n        \"ec2:DeleteSecurityGroup\",\n        \"ec2:CreateSecurityGroup\",\n        \"ec2:AuthorizeSecurityGroupIngress\",\n        \"ec2:AuthorizeSecurityGroupEgress\",\n        \"ec2:AssociateAddress\",\n        \"ec2:AllocateAddress\",\n        \"codebuild:StartBuild\",\n        \"codebuild:DeleteProject\",\n        \"codebuild:CreateProject\",\n        \"codebuild:BatchGetBuilds\",\n        \"cloudwatch:PutMetricAlarm\",\n        \"autoscaling:UpdateAutoScalingGroup\",\n        \"autoscaling:TerminateInstanceInAutoScalingGroup\",\n        \"autoscaling:SuspendProcesses\",\n        \"autoscaling:SetDesiredCapacity\",\n        \"autoscaling:ResumeProcesses\",\n        \"autoscaling:PutScheduledUpdateGroupAction\",\n        \"autoscaling:DetachInstances\",\n        \"autoscaling:DescribeScheduledActions\",\n        \"autoscaling:DescribeScalingActivities\",\n        \"autoscaling:DescribeNotificationConfigurations\",\n        \"autoscaling:DescribeLoadBalancers\",\n        \"autoscaling:DescribeLaunchConfigurations\",\n        \"autoscaling:DescribeAutoScalingInstances\",\n        \"autoscaling:DescribeAutoScalingGroups\",\n        \"autoscaling:DescribeAccountLimits\",\n        \"autoscaling:DeleteScheduledAction\",\n        \"autoscaling:DeleteLaunchConfiguration\",\n        \"autoscaling:DeleteAutoScalingGroup\",\n        \"autoscaling:CreateLaunchConfiguration\",\n        \"autoscaling:CreateAutoScalingGroup\",\n        \"autoscaling:AttachInstances\"\n      ],\n      \"Resource\": \"*\"\n    },\n    {\n      \"Sid\": \"AllowS3OperationsOnElasticBeanstalkBuckets\",\n      \"Effect\": \"Allow\",\n      \"Action\": [\n        \"s3:ListAllMyBuckets\",\n        \"s3:GetBucketLocation\"\n      ],\n      \"Resource\": \"*\",\n      \"Principal\": {\n        \"minimal_s3_permissions\": \"*\"\n      }\n    },\n    {\n      \"Sid\": \"AllowDeleteCloudwatchLogGroups\",\n      \"Effect\": \"Allow\",\n      \"Action\": \"logs:DeleteLogGroup\",\n      \"Resource\": \"arn:aws:logs:*:*:log-group:/aws/elasticbeanstalk*\"\n    },\n    {\n      \"Sid\": \"AllowCloudformationOperationsOnElasticBeanstalkStacks\",\n      \"Effect\": \"Allow\",\n      \"Action\": \"cloudformation:*\",\n      \"Resource\": [\n        \"arn:aws:cloudformation:*:*:stack/eb-*\",\n        \"arn:aws:cloudformation:*:*:stack/awseb-*\"\n      ]\n    }\n  ]\n}",
            "override_json": "{\n  \"Version\": \"2012-10-17\",\n  \"Statement\": [\n    {\n      \"Sid\": \"AllowS3OperationsOnElasticBeanstalkBuckets\",\n      \"Effect\": \"Allow\",\n      \"Action\": [\n        \"s3:ListAllMyBuckets\",\n        \"s3:GetBucketLocation\"\n      ],\n      \"Resource\": \"*\",\n      \"Principal\": {\n        \"minimal_s3_permissions\": \"*\"\n      }\n    }\n  ]\n}",
            "policy_id": null,
            "source_json": "{\n  \"Version\": \"2012-10-17\",\n  \"Statement\": [\n    {\n      \"Sid\": \"\",\n      \"Effect\": \"Allow\",\n      \"Action\": [\n        \"sqs:GetQueueUrl\",\n        \"sqs:GetQueueAttributes\",\n        \"elasticloadbalancing:DescribeTargetHealth\",\n        \"elasticloadbalancing:DescribeLoadBalancers\",\n        \"elasticloadbalancing:DescribeInstanceHealth\",\n        \"ec2:GetConsoleOutput\",\n        \"ec2:DescribeSecurityGroups\",\n        \"ec2:DescribeInstances\",\n        \"ec2:DescribeInstanceStatus\",\n        \"ec2:DescribeAddresses\",\n        \"ec2:AssociateAddress\",\n        \"autoscaling:DescribeScalingActivities\",\n        \"autoscaling:DescribeNotificationConfigurations\",\n        \"autoscaling:DescribeAutoScalingInstances\",\n        \"autoscaling:DescribeAutoScalingGroups\"\n      ],\n      \"Resource\": \"*\"\n    },\n    {\n      \"Sid\": \"AllowOperations\",\n      \"Effect\": \"Allow\",\n      \"Action\": [\n        \"sqs:GetQueueUrl\",\n        \"sqs:GetQueueAttributes\",\n        \"sns:Subscribe\",\n        \"sns:ListSubscriptionsByTopic\",\n        \"sns:GetTopicAttributes\",\n        \"sns:CreateTopic\",\n        \"s3:ListBucket\",\n        \"s3:GetObjectAcl\",\n        \"s3:GetObject\",\n        \"rds:DescribeOrderableDBInstanceOptions\",\n        \"rds:DescribeDBInstances\",\n        \"rds:DescribeDBEngineVersions\",\n        \"logs:PutRetentionPolicy\",\n        \"logs:CreateLogGroup\",\n        \"iam:PassRole\",\n        \"iam:ListRoles\",\n        \"elasticloadbalancing:RegisterTargets\",\n        \"elasticloadbalancing:RegisterInstancesWithLoadBalancer\",\n        \"elasticloadbalancing:DescribeTargetHealth\",\n        \"elasticloadbalancing:DescribeTargetGroups\",\n        \"elasticloadbalancing:DescribeLoadBalancers\",\n        \"elasticloadbalancing:DescribeInstanceHealth\",\n        \"elasticloadbalancing:DeregisterTargets\",\n        \"elasticloadbalancing:DeregisterInstancesFromLoadBalancer\",\n        \"elasticloadbalancing:DeleteLoadBalancer\",\n        \"elasticloadbalancing:CreateLoadBalancer\",\n        \"elasticloadbalancing:ConfigureHealthCheck\",\n        \"elasticloadbalancing:ApplySecurityGroupsToLoadBalancer\",\n        \"elasticbeanstalk:*\",\n        \"ecs:RegisterTaskDefinition\",\n        \"ecs:DescribeClusters\",\n        \"ecs:DeleteCluster\",\n        \"ecs:CreateCluster\",\n        \"ec2:TerminateInstances\",\n        \"ec2:RevokeSecurityGroupIngress\",\n        \"ec2:RevokeSecurityGroupEgress\",\n        \"ec2:ReleaseAddress\",\n        \"ec2:DisassociateAddress\",\n        \"ec2:DescribeVpcs\",\n        \"ec2:DescribeSubnets\",\n        \"ec2:DescribeSnapshots\",\n        \"ec2:DescribeSecurityGroups\",\n        \"ec2:DescribeKeyPairs\",\n        \"ec2:DescribeInstances\",\n        \"ec2:DescribeImages\",\n        \"ec2:DescribeAddresses\",\n        \"ec2:DescribeAccountAttributes\",\n        \"ec2:DeleteSecurityGroup\",\n        \"ec2:CreateSecurityGroup\",\n        \"ec2:AuthorizeSecurityGroupIngress\",\n        \"ec2:AuthorizeSecurityGroupEgress\",\n        \"ec2:AssociateAddress\",\n        \"ec2:AllocateAddress\",\n        \"codebuild:StartBuild\",\n        \"codebuild:DeleteProject\",\n        \"codebuild:CreateProject\",\n        \"codebuild:BatchGetBuilds\",\n        \"cloudwatch:PutMetricAlarm\",\n        \"autoscaling:UpdateAutoScalingGroup\",\n        \"autoscaling:TerminateInstanceInAutoScalingGroup\",\n        \"autoscaling:SuspendProcesses\",\n        \"autoscaling:SetDesiredCapacity\",\n        \"autoscaling:ResumeProcesses\",\n        \"autoscaling:PutScheduledUpdateGroupAction\",\n        \"autoscaling:DetachInstances\",\n        \"autoscaling:DescribeScheduledActions\",\n        \"autoscaling:DescribeScalingActivities\",\n        \"autoscaling:DescribeNotificationConfigurations\",\n        \"autoscaling:DescribeLoadBalancers\",\n        \"autoscaling:DescribeLaunchConfigurations\",\n        \"autoscaling:DescribeAutoScalingInstances\",\n        \"autoscaling:DescribeAutoScalingGroups\",\n        \"autoscaling:DescribeAccountLimits\",\n        \"autoscaling:DeleteScheduledAction\",\n        \"autoscaling:DeleteLaunchConfiguration\",\n        \"autoscaling:DeleteAutoScalingGroup\",\n        \"autoscaling:CreateLaunchConfiguration\",\n        \"autoscaling:CreateAutoScalingGroup\",\n        \"autoscaling:AttachInstances\"\n      ],\n      \"Resource\": \"*\"\n    },\n    {\n      \"Sid\": \"AllowS3OperationsOnElasticBeanstalkBuckets\",\n      \"Effect\": \"Allow\",\n      \"Action\": \"s3:*\",\n      \"Resource\": \"arn:aws:s3:::*\"\n    },\n    {\n      \"Sid\": \"AllowDeleteCloudwatchLogGroups\",\n      \"Effect\": \"Allow\",\n      \"Action\": \"logs:DeleteLogGroup\",\n      \"Resource\": \"arn:aws:logs:*:*:log-group:/aws/elasticbeanstalk*\"\n    },\n    {\n      \"Sid\": \"AllowCloudformationOperationsOnElasticBeanstalkStacks\",\n      \"Effect\": \"Allow\",\n      \"Action\": \"cloudformation:*\",\n      \"Resource\": [\n        \"arn:aws:cloudformation:*:*:stack/eb-*\",\n        \"arn:aws:cloudformation:*:*:stack/awseb-*\"\n      ]\n    }\n  ]\n}",
            "statement": null,
            "version": "2012-10-17"
          }
        }
      ]
    },
    {
      "module": "module.elastic-beanstalk-environment",
      "mode": "data",
      "type": "aws_iam_policy_document",
      "name": "service",
      "provider": "provider[\"registry.terraform.io/hashicorp/aws\"]",
      "instances": [
        {
          "schema_version": 0,
          "attributes": {
            "id": "3596823395",
            "json": "{\n  \"Version\": \"2012-10-17\",\n  \"Statement\": [\n    {\n      \"Sid\": \"\",\n      \"Effect\": \"Allow\",\n      \"Action\": \"sts:AssumeRole\",\n      \"Principal\": {\n        \"Service\": \"elasticbeanstalk.amazonaws.com\"\n      }\n    }\n  ]\n}",
            "override_json": null,
            "policy_id": null,
            "source_json": null,
            "statement": [
              {
                "actions": [
                  "sts:AssumeRole"
                ],
                "condition": [],
                "effect": "Allow",
                "not_actions": [],
                "not_principals": [],
                "not_resources": [],
                "principals": [
                  {
                    "identifiers": [
                      "elasticbeanstalk.amazonaws.com"
                    ],
                    "type": "Service"
                  }
                ],
                "resources": [],
                "sid": ""
              }
            ],
            "version": "2012-10-17"
          }
        }
      ]
    },
    {
      "module": "module.elastic-beanstalk-environment",
      "mode": "managed",
      "type": "aws_elastic_beanstalk_environment",
      "name": "default",
      "provider": "provider[\"registry.terraform.io/hashicorp/aws\"]",
      "instances": [
        {
          "schema_version": 1,
          "attributes": {
            "all_settings": [
              {
                "name": "AccessLogsS3Bucket",
                "namespace": "aws:elbv2:loadbalancer",
                "resource": "",
                "value": ""
              },
              {
                "name": "AccessLogsS3Enabled",
                "namespace": "aws:elbv2:loadbalancer",
                "resource": "",
                "value": "false"
              },
              {
                "name": "AccessLogsS3Prefix",
                "namespace": "aws:elbv2:loadbalancer",
                "resource": "",
                "value": ""
              },
              {
                "name": "AppSource",
                "namespace": "aws:cloudformation:template:parameter",
                "resource": "",
                "value": "https://s3.us-east-2.amazonaws.com/elasticbeanstalk-samples-us-east-2/docker-sample-v3.zip"
              },
              {
                "name": "Application Healthcheck URL",
                "namespace": "aws:elasticbeanstalk:application",
                "resource": "",
                "value": ""
              },
              {
                "name": "AssociatePublicIpAddress",
                "namespace": "aws:ec2:vpc",
                "resource": "",
                "value": "true"
              },
              {
                "name": "Automatically Terminate Unhealthy Instances",
                "namespace": "aws:elasticbeanstalk:monitoring",
                "resource": "",
                "value": "true"
              },
              {
                "name": "Availability Zones",
                "namespace": "aws:autoscaling:asg",
                "resource": "",
                "value": "Any 2"
              },
              {
                "name": "BASE_HOST",
                "namespace": "aws:elasticbeanstalk:application:environment",
                "resource": "",
                "value": "elastic-beanstalk-env"
              },
              {
                "name": "BatchSize",
                "namespace": "aws:elasticbeanstalk:command",
                "resource": "",
                "value": "1"
              },
              {
                "name": "BatchSizeType",
                "namespace": "aws:elasticbeanstalk:command",
                "resource": "",
                "value": "Fixed"
              },
              {
                "name": "BlockDeviceMappings",
                "namespace": "aws:autoscaling:launchconfiguration",
                "resource": "",
                "value": "/dev/xvdcz=:12:true:gp2"
              },
              {
                "name": "BreachDuration",
                "namespace": "aws:autoscaling:trigger",
                "resource": "",
                "value": "5"
              },
              {
                "name": "ConfigDocument",
                "namespace": "aws:elasticbeanstalk:healthreporting:system",
                "resource": "",
                "value": "{\"Version\":1,\"CloudWatchMetrics\":{\"Instance\":{\"CPUIrq\":null,\"LoadAverage5min\":null,\"ApplicationRequests5xx\":null,\"ApplicationRequests4xx\":null,\"CPUUser\":null,\"LoadAverage1min\":null,\"ApplicationLatencyP50\":null,\"CPUIdle\":null,\"InstanceHealth\":null,\"ApplicationLatencyP95\":null,\"ApplicationLatencyP85\":null,\"RootFilesystemUtil\":null,\"ApplicationLatencyP90\":null,\"CPUSystem\":null,\"ApplicationLatencyP75\":null,\"CPUSoftirq\":null,\"ApplicationLatencyP10\":null,\"ApplicationLatencyP99\":null,\"ApplicationRequestsTotal\":null,\"ApplicationLatencyP99.9\":null,\"ApplicationRequests3xx\":null,\"ApplicationRequests2xx\":null,\"CPUIowait\":null,\"CPUNice\":null},\"Environment\":{\"InstancesSevere\":null,\"InstancesDegraded\":null,\"ApplicationRequests5xx\":null,\"ApplicationRequests4xx\":null,\"ApplicationLatencyP50\":null,\"ApplicationLatencyP95\":null,\"ApplicationLatencyP85\":null,\"InstancesUnknown\":null,\"ApplicationLatencyP90\":null,\"InstancesInfo\":null,\"InstancesPending\":null,\"ApplicationLatencyP75\":null,\"ApplicationLatencyP10\":null,\"ApplicationLatencyP99\":null,\"ApplicationRequestsTotal\":null,\"InstancesNoData\":null,\"ApplicationLatencyP99.9\":null,\"ApplicationRequests3xx\":null,\"ApplicationRequests2xx\":null,\"InstancesOk\":null,\"InstancesWarning\":null}}}"
              },
              {
                "name": "Cooldown",
                "namespace": "aws:autoscaling:asg",
                "resource": "",
                "value": "360"
              },
              {
                "name": "Custom Availability Zones",
                "namespace": "aws:autoscaling:asg",
                "resource": "",
                "value": ""
              },
              {
                "name": "DefaultProcess",
                "namespace": "aws:elbv2:listener:443",
                "resource": "",
                "value": "default"
              },
              {
                "name": "DefaultProcess",
                "namespace": "aws:elbv2:listener:default",
                "resource": "",
                "value": "default"
              },
              {
                "name": "DefaultSSHPort",
                "namespace": "aws:elasticbeanstalk:control",
                "resource": "",
                "value": "22"
              },
              {
                "name": "DeleteOnTerminate",
                "namespace": "aws:elasticbeanstalk:cloudwatch:logs",
                "resource": "",
                "value": "false"
              },
              {
                "name": "DeleteOnTerminate",
                "namespace": "aws:elasticbeanstalk:cloudwatch:logs:health",
                "resource": "",
                "value": "false"
              },
              {
                "name": "DeploymentPolicy",
                "namespace": "aws:elasticbeanstalk:command",
                "resource": "",
                "value": "Rolling"
              },
              {
                "name": "DeregistrationDelay",
                "namespace": "aws:elasticbeanstalk:environment:process:default",
                "resource": "",
                "value": "20"
              },
              {
                "name": "EC2KeyName",
                "namespace": "aws:autoscaling:launchconfiguration",
                "resource": "",
                "value": "DaniyalSSH"
              },
              {
                "name": "ELBScheme",
                "namespace": "aws:ec2:vpc",
                "resource": "",
                "value": "public"
              },
              {
                "name": "ELBSubnets",
                "namespace": "aws:ec2:vpc",
                "resource": "",
                "value": "subnet-068a2fa3fd056ad57,subnet-07ebae42d6c111000"
              },
              {
                "name": "EnableSpot",
                "namespace": "aws:ec2:instances",
                "resource": "",
                "value": "false"
              },
              {
                "name": "EnhancedHealthAuthEnabled",
                "namespace": "aws:elasticbeanstalk:healthreporting:system",
                "resource": "",
                "value": "false"
              },
              {
                "name": "EnvironmentType",
                "namespace": "aws:elasticbeanstalk:environment",
                "resource": "",
                "value": "LoadBalanced"
              },
              {
                "name": "EnvironmentVariables",
                "namespace": "aws:cloudformation:template:parameter",
                "resource": "",
                "value": "BASE_HOST=elastic-beanstalk-env"
              },
              {
                "name": "EvaluationPeriods",
                "namespace": "aws:autoscaling:trigger",
                "resource": "",
                "value": "1"
              },
              {
                "name": "EvaluationTime",
                "namespace": "aws:elasticbeanstalk:trafficsplitting",
                "resource": "",
                "value": ""
              },
              {
                "name": "ExternalExtensionsS3Bucket",
                "namespace": "aws:elasticbeanstalk:environment",
                "resource": "",
                "value": ""
              },
              {
                "name": "ExternalExtensionsS3Key",
                "namespace": "aws:elasticbeanstalk:environment",
                "resource": "",
                "value": ""
              },
              {
                "name": "HealthCheckInterval",
                "namespace": "aws:elasticbeanstalk:environment:process:default",
                "resource": "",
                "value": "15"
              },
              {
                "name": "HealthCheckPath",
                "namespace": "aws:elasticbeanstalk:environment:process:default",
                "resource": "",
                "value": "/"
              },
              {
                "name": "HealthCheckSuccessThreshold",
                "namespace": "aws:elasticbeanstalk:healthreporting:system",
                "resource": "",
                "value": "Ok"
              },
              {
                "name": "HealthCheckTimeout",
                "namespace": "aws:elasticbeanstalk:environment:process:default",
                "resource": "",
                "value": "5"
              },
              {
                "name": "HealthStreamingEnabled",
                "namespace": "aws:elasticbeanstalk:cloudwatch:logs:health",
                "resource": "",
                "value": "false"
              },
              {
                "name": "HealthyThresholdCount",
                "namespace": "aws:elasticbeanstalk:environment:process:default",
                "resource": "",
                "value": "3"
              },
              {
                "name": "HooksPkgUrl",
                "namespace": "aws:cloudformation:template:parameter",
                "resource": "",
                "value": "https://s3.dualstack.us-east-2.amazonaws.com/elasticbeanstalk-env-resources-us-east-2/stalks/eb_docker_4.2.1.202190.0_1601658790/lib/hooks.tar.gz"
              },
              {
                "name": "IamInstanceProfile",
                "namespace": "aws:autoscaling:launchconfiguration",
                "resource": "",
                "value": "default-eb-ec2"
              },
              {
                "name": "IdleTimeout",
                "namespace": "aws:elbv2:loadbalancer",
                "resource": "",
                "value": ""
              },
              {
                "name": "IgnoreHealthCheck",
                "namespace": "aws:elasticbeanstalk:command",
                "resource": "",
                "value": "false"
              },
              {
                "name": "ImageId",
                "namespace": "aws:autoscaling:launchconfiguration",
                "resource": "",
                "value": "ami-0458440b196d8e2af"
              },
              {
                "name": "InstancePort",
                "namespace": "aws:cloudformation:template:parameter",
                "resource": "",
                "value": "80"
              },
              {
                "name": "InstanceRefreshEnabled",
                "namespace": "aws:elasticbeanstalk:managedactions:platformupdate",
                "resource": "",
                "value": "true"
              },
              {
                "name": "InstanceType",
                "namespace": "aws:autoscaling:launchconfiguration",
                "resource": "",
                "value": "t2.micro"
              },
              {
                "name": "InstanceTypeFamily",
                "namespace": "aws:cloudformation:template:parameter",
                "resource": "",
                "value": "t2"
              },
              {
                "name": "InstanceTypes",
                "namespace": "aws:ec2:instances",
                "resource": "",
                "value": "t2.micro"
              },
              {
                "name": "LaunchTimeout",
                "namespace": "aws:elasticbeanstalk:control",
                "resource": "",
                "value": "0"
              },
              {
                "name": "LaunchType",
                "namespace": "aws:elasticbeanstalk:control",
                "resource": "",
                "value": "Migration"
              },
              {
                "name": "ListenerEnabled",
                "namespace": "aws:elbv2:listener:443",
                "resource": "",
                "value": "false"
              },
              {
                "name": "ListenerEnabled",
                "namespace": "aws:elbv2:listener:default",
                "resource": "",
                "value": "true"
              },
              {
                "name": "LoadBalancerIsShared",
                "namespace": "aws:elasticbeanstalk:environment",
                "resource": "",
                "value": "false"
              },
              {
                "name": "LoadBalancerType",
                "namespace": "aws:elasticbeanstalk:environment",
                "resource": "",
                "value": "application"
              },
              {
                "name": "LogPublicationControl",
                "namespace": "aws:elasticbeanstalk:hostmanager",
                "resource": "",
                "value": "false"
              },
              {
                "name": "LowerBreachScaleIncrement",
                "namespace": "aws:autoscaling:trigger",
                "resource": "",
                "value": "-1"
              },
              {
                "name": "LowerThreshold",
                "namespace": "aws:autoscaling:trigger",
                "resource": "",
                "value": "20"
              },
              {
                "name": "ManagedActionsEnabled",
                "namespace": "aws:elasticbeanstalk:managedactions",
                "resource": "",
                "value": "false"
              },
              {
                "name": "ManagedSecurityGroup",
                "namespace": "aws:elbv2:loadbalancer",
                "resource": "",
                "value": ""
              },
              {
                "name": "MatcherHTTPCode",
                "namespace": "aws:elasticbeanstalk:environment:process:default",
                "resource": "",
                "value": ""
              },
              {
                "name": "MaxBatchSize",
                "namespace": "aws:autoscaling:updatepolicy:rollingupdate",
                "resource": "",
                "value": "1"
              },
              {
                "name": "MaxSize",
                "namespace": "aws:autoscaling:asg",
                "resource": "",
                "value": "2"
              },
              {
                "name": "MeasureName",
                "namespace": "aws:autoscaling:trigger",
                "resource": "",
                "value": "CPUUtilization"
              },
              {
                "name": "MinInstancesInService",
                "namespace": "aws:autoscaling:updatepolicy:rollingupdate",
                "resource": "",
                "value": "0"
              },
              {
                "name": "MinSize",
                "namespace": "aws:autoscaling:asg",
                "resource": "",
                "value": "1"
              },
              {
                "name": "MonitoringInterval",
                "namespace": "aws:autoscaling:launchconfiguration",
                "resource": "",
                "value": "5 minute"
              },
              {
                "name": "NewVersionPercent",
                "namespace": "aws:elasticbeanstalk:trafficsplitting",
                "resource": "",
                "value": ""
              },
              {
                "name": "Notification Endpoint",
                "namespace": "aws:elasticbeanstalk:sns:topics",
                "resource": "",
                "value": ""
              },
              {
                "name": "Notification Protocol",
                "namespace": "aws:elasticbeanstalk:sns:topics",
                "resource": "",
                "value": "email"
              },
              {
                "name": "Notification Topic ARN",
                "namespace": "aws:elasticbeanstalk:sns:topics",
                "resource": "",
                "value": ""
              },
              {
                "name": "Notification Topic Name",
                "namespace": "aws:elasticbeanstalk:sns:topics",
                "resource": "",
                "value": ""
              },
              {
                "name": "PauseTime",
                "namespace": "aws:autoscaling:updatepolicy:rollingupdate",
                "resource": "",
                "value": ""
              },
              {
                "name": "Period",
                "namespace": "aws:autoscaling:trigger",
                "resource": "",
                "value": "5"
              },
              {
                "name": "Port",
                "namespace": "aws:elasticbeanstalk:environment:process:default",
                "resource": "",
                "value": "80"
              },
              {
                "name": "PreferredStartTime",
                "namespace": "aws:elasticbeanstalk:managedactions",
                "resource": "",
                "value": "Sun:10:00"
              },
              {
                "name": "Protocol",
                "namespace": "aws:elasticbeanstalk:environment:process:default",
                "resource": "",
                "value": "HTTP"
              },
              {
                "name": "Protocol",
                "namespace": "aws:elbv2:listener:443",
                "resource": "",
                "value": "HTTPS"
              },
              {
                "name": "Protocol",
                "namespace": "aws:elbv2:listener:default",
                "resource": "",
                "value": "HTTP"
              },
              {
                "name": "ProxyServer",
                "namespace": "aws:elasticbeanstalk:environment:proxy",
                "resource": "",
                "value": "nginx"
              },
              {
                "name": "RetentionInDays",
                "namespace": "aws:elasticbeanstalk:cloudwatch:logs",
                "resource": "",
                "value": "7"
              },
              {
                "name": "RetentionInDays",
                "namespace": "aws:elasticbeanstalk:cloudwatch:logs:health",
                "resource": "",
                "value": "7"
              },
              {
                "name": "RollbackLaunchOnFailure",
                "namespace": "aws:elasticbeanstalk:control",
                "resource": "",
                "value": "false"
              },
              {
                "name": "RollingUpdateEnabled",
                "namespace": "aws:autoscaling:updatepolicy:rollingupdate",
                "resource": "",
                "value": "true"
              },
              {
                "name": "RollingUpdateType",
                "namespace": "aws:autoscaling:updatepolicy:rollingupdate",
                "resource": "",
                "value": "Health"
              },
              {
                "name": "RootVolumeIOPS",
                "namespace": "aws:autoscaling:launchconfiguration",
                "resource": "",
                "value": ""
              },
              {
                "name": "RootVolumeSize",
                "namespace": "aws:autoscaling:launchconfiguration",
                "resource": "",
                "value": "8"
              },
              {
                "name": "RootVolumeType",
                "namespace": "aws:autoscaling:launchconfiguration",
                "resource": "",
                "value": "gp2"
              },
              {
                "name": "Rules",
                "namespace": "aws:elbv2:listener:443",
                "resource": "",
                "value": ""
              },
              {
                "name": "Rules",
                "namespace": "aws:elbv2:listener:default",
                "resource": "",
                "value": ""
              },
              {
                "name": "SSHSourceRestriction",
                "namespace": "aws:autoscaling:launchconfiguration",
                "resource": "",
                "value": "tcp,22,22,0.0.0.0/0"
              },
              {
                "name": "SSLCertificateArns",
                "namespace": "aws:elbv2:listener:443",
                "resource": "",
                "value": ""
              },
              {
                "name": "SSLCertificateArns",
                "namespace": "aws:elbv2:listener:default",
                "resource": "",
                "value": ""
              },
              {
                "name": "SSLPolicy",
                "namespace": "aws:elbv2:listener:443",
                "resource": "",
                "value": ""
              },
              {
                "name": "SSLPolicy",
                "namespace": "aws:elbv2:listener:default",
                "resource": "",
                "value": ""
              },
              {
                "name": "SecurityGroups",
                "namespace": "aws:autoscaling:launchconfiguration",
                "resource": "",
                "value": "sg-096bbce4e06982dd6"
              },
              {
                "name": "SecurityGroups",
                "namespace": "aws:elbv2:loadbalancer",
                "resource": "",
                "value": ""
              },
              {
                "name": "ServiceRole",
                "namespace": "aws:elasticbeanstalk:environment",
                "resource": "",
                "value": "default-eb-service"
              },
              {
                "name": "SpotFleetOnDemandAboveBasePercentage",
                "namespace": "aws:ec2:instances",
                "resource": "",
                "value": "70"
              },
              {
                "name": "SpotFleetOnDemandBase",
                "namespace": "aws:ec2:instances",
                "resource": "",
                "value": "0"
              },
              {
                "name": "SpotMaxPrice",
                "namespace": "aws:ec2:instances",
                "resource": "",
                "value": ""
              },
              {
                "name": "Statistic",
                "namespace": "aws:autoscaling:trigger",
                "resource": "",
                "value": "Average"
              },
              {
                "name": "StickinessEnabled",
                "namespace": "aws:elasticbeanstalk:environment:process:default",
                "resource": "",
                "value": "false"
              },
              {
                "name": "StickinessLBCookieDuration",
                "namespace": "aws:elasticbeanstalk:environment:process:default",
                "resource": "",
                "value": "86400"
              },
              {
                "name": "StickinessType",
                "namespace": "aws:elasticbeanstalk:environment:process:default",
                "resource": "",
                "value": "lb_cookie"
              },
              {
                "name": "StreamLogs",
                "namespace": "aws:elasticbeanstalk:cloudwatch:logs",
                "resource": "",
                "value": "false"
              },
              {
                "name": "Subnets",
                "namespace": "aws:ec2:vpc",
                "resource": "",
                "value": "subnet-068a2fa3fd056ad57,subnet-07ebae42d6c111000"
              },
              {
                "name": "SystemType",
                "namespace": "aws:elasticbeanstalk:healthreporting:system",
                "resource": "",
                "value": "enhanced"
              },
              {
                "name": "Timeout",
                "namespace": "aws:autoscaling:updatepolicy:rollingupdate",
                "resource": "",
                "value": "PT30M"
              },
              {
                "name": "Timeout",
                "namespace": "aws:elasticbeanstalk:command",
                "resource": "",
                "value": "600"
              },
              {
                "name": "UnhealthyThresholdCount",
                "namespace": "aws:elasticbeanstalk:environment:process:default",
                "resource": "",
                "value": "5"
              },
              {
                "name": "Unit",
                "namespace": "aws:autoscaling:trigger",
                "resource": "",
                "value": "Percent"
              },
              {
                "name": "UpdateLevel",
                "namespace": "aws:elasticbeanstalk:managedactions:platformupdate",
                "resource": "",
                "value": "minor"
              },
              {
                "name": "UpperBreachScaleIncrement",
                "namespace": "aws:autoscaling:trigger",
                "resource": "",
                "value": "1"
              },
              {
                "name": "UpperThreshold",
                "namespace": "aws:autoscaling:trigger",
                "resource": "",
                "value": "80"
              },
              {
                "name": "VPCId",
                "namespace": "aws:ec2:vpc",
                "resource": "",
                "value": "vpc-0e8fada488b48891b"
              }
            ],
            "application": "elastic-beanstalk-env",
            "arn": "arn:aws:elasticbeanstalk:us-east-2:020046395185:environment/elastic-beanstalk-env/elastic-beanstalk-env",
            "autoscaling_groups": [
              "awseb-e-ka69ncwmtz-stack-AWSEBAutoScalingGroup-LY1OS4K5JXNP"
            ],
            "cname": "elastic-beanstalk-env.eba-wygweijp.us-east-2.elasticbeanstalk.com",
            "cname_prefix": "",
            "description": "Test elastic-beanstalk-environment",
            "endpoint_url": "awseb-AWSEB-1QEWC0JLR2G2F-905857019.us-east-2.elb.amazonaws.com",
            "id": "e-ka69ncwmtz",
            "instances": [
              "i-04c49a783c7a1894a"
            ],
            "launch_configurations": [
              "awseb-e-ka69ncwmtz-stack-AWSEBAutoScalingLaunchConfiguration-1QU62O07HUETY"
            ],
            "load_balancers": [
              "arn:aws:elasticloadbalancing:us-east-2:020046395185:loadbalancer/app/awseb-AWSEB-1QEWC0JLR2G2F/addb4ab9dc88f3f8"
            ],
            "name": "elastic-beanstalk-env",
            "platform_arn": "arn:aws:elasticbeanstalk:us-east-2::platform/Docker running on 64bit Amazon Linux/2.16.0",
            "poll_interval": null,
            "queues": [],
            "setting": [
              {
                "name": "AssociatePublicIpAddress",
                "namespace": "aws:ec2:vpc",
                "resource": "",
                "value": "true"
              },
              {
                "name": "Availability Zones",
                "namespace": "aws:autoscaling:asg",
                "resource": "",
                "value": "Any 2"
              },
              {
                "name": "BASE_HOST",
                "namespace": "aws:elasticbeanstalk:application:environment",
                "resource": "",
                "value": "elastic-beanstalk-env"
              },
              {
                "name": "BatchSize",
                "namespace": "aws:elasticbeanstalk:command",
                "resource": "",
                "value": "1"
              },
              {
                "name": "BatchSizeType",
                "namespace": "aws:elasticbeanstalk:command",
                "resource": "",
                "value": "Fixed"
              },
              {
                "name": "DeleteOnTerminate",
                "namespace": "aws:elasticbeanstalk:cloudwatch:logs",
                "resource": "",
                "value": "false"
              },
              {
                "name": "DeleteOnTerminate",
                "namespace": "aws:elasticbeanstalk:cloudwatch:logs:health",
                "resource": "",
                "value": "false"
              },
              {
                "name": "DeploymentPolicy",
                "namespace": "aws:elasticbeanstalk:command",
                "resource": "",
                "value": "Rolling"
              },
              {
                "name": "EC2KeyName",
                "namespace": "aws:autoscaling:launchconfiguration",
                "resource": "",
                "value": "DaniyalSSH"
              },
              {
                "name": "ELBScheme",
                "namespace": "aws:ec2:vpc",
                "resource": "",
                "value": "public"
              },
              {
                "name": "ELBSubnets",
                "namespace": "aws:ec2:vpc",
                "resource": "",
                "value": "subnet-068a2fa3fd056ad57,subnet-07ebae42d6c111000"
              },
              {
                "name": "EnvironmentType",
                "namespace": "aws:elasticbeanstalk:environment",
                "resource": "",
                "value": "LoadBalanced"
              },
              {
                "name": "HealthCheckPath",
                "namespace": "aws:elasticbeanstalk:environment:process:default",
                "resource": "",
                "value": "/"
              },
              {
                "name": "HealthStreamingEnabled",
                "namespace": "aws:elasticbeanstalk:cloudwatch:logs:health",
                "resource": "",
                "value": "false"
              },
              {
                "name": "IamInstanceProfile",
                "namespace": "aws:autoscaling:launchconfiguration",
                "resource": "",
                "value": "default-eb-ec2"
              },
              {
                "name": "IgnoreHealthCheck",
                "namespace": "aws:elasticbeanstalk:command",
                "resource": "",
                "value": "false"
              },
              {
                "name": "InstanceRefreshEnabled",
                "namespace": "aws:elasticbeanstalk:managedactions:platformupdate",
                "resource": "",
                "value": "true"
              },
              {
                "name": "InstanceTypes",
                "namespace": "aws:ec2:instances",
                "resource": "",
                "value": "t2.micro"
              },
              {
                "name": "ListenerEnabled",
                "namespace": "aws:elbv2:listener:443",
                "resource": "",
                "value": "false"
              },
              {
                "name": "ListenerEnabled",
                "namespace": "aws:elbv2:listener:default",
                "resource": "",
                "value": "true"
              },
              {
                "name": "LoadBalancerType",
                "namespace": "aws:elasticbeanstalk:environment",
                "resource": "",
                "value": "application"
              },
              {
                "name": "LogPublicationControl",
                "namespace": "aws:elasticbeanstalk:hostmanager",
                "resource": "",
                "value": "false"
              },
              {
                "name": "LowerBreachScaleIncrement",
                "namespace": "aws:autoscaling:trigger",
                "resource": "",
                "value": "-1"
              },
              {
                "name": "LowerThreshold",
                "namespace": "aws:autoscaling:trigger",
                "resource": "",
                "value": "20"
              },
              {
                "name": "ManagedActionsEnabled",
                "namespace": "aws:elasticbeanstalk:managedactions",
                "resource": "",
                "value": "false"
              },
              {
                "name": "ManagedActionsEnabled",
                "namespace": "aws:elasticbeanstalk:managedactions",
                "resource": "",
                "value": "true"
              },
              {
                "name": "ManagedSecurityGroup",
                "namespace": "aws:elbv2:loadbalancer",
                "resource": "",
                "value": ""
              },
              {
                "name": "MaxBatchSize",
                "namespace": "aws:autoscaling:updatepolicy:rollingupdate",
                "resource": "",
                "value": "1"
              },
              {
                "name": "MaxSize",
                "namespace": "aws:autoscaling:asg",
                "resource": "",
                "value": "2"
              },
              {
                "name": "MeasureName",
                "namespace": "aws:autoscaling:trigger",
                "resource": "",
                "value": "CPUUtilization"
              },
              {
                "name": "MinInstancesInService",
                "namespace": "aws:autoscaling:updatepolicy:rollingupdate",
                "resource": "",
                "value": "0"
              },
              {
                "name": "MinSize",
                "namespace": "aws:autoscaling:asg",
                "resource": "",
                "value": "1"
              },
              {
                "name": "Port",
                "namespace": "aws:elasticbeanstalk:environment:process:default",
                "resource": "",
                "value": "80"
              },
              {
                "name": "PreferredStartTime",
                "namespace": "aws:elasticbeanstalk:managedactions",
                "resource": "",
                "value": "Sun:10:00"
              },
              {
                "name": "Protocol",
                "namespace": "aws:elasticbeanstalk:environment:process:default",
                "resource": "",
                "value": "HTTP"
              },
              {
                "name": "Protocol",
                "namespace": "aws:elbv2:listener:443",
                "resource": "",
                "value": "HTTPS"
              },
              {
                "name": "RetentionInDays",
                "namespace": "aws:elasticbeanstalk:cloudwatch:logs",
                "resource": "",
                "value": "7"
              },
              {
                "name": "RetentionInDays",
                "namespace": "aws:elasticbeanstalk:cloudwatch:logs:health",
                "resource": "",
                "value": "7"
              },
              {
                "name": "RollingUpdateEnabled",
                "namespace": "aws:autoscaling:updatepolicy:rollingupdate",
                "resource": "",
                "value": "true"
              },
              {
                "name": "RollingUpdateType",
                "namespace": "aws:autoscaling:updatepolicy:rollingupdate",
                "resource": "",
                "value": "Health"
              },
              {
                "name": "RootVolumeSize",
                "namespace": "aws:autoscaling:launchconfiguration",
                "resource": "",
                "value": "8"
              },
              {
                "name": "RootVolumeType",
                "namespace": "aws:autoscaling:launchconfiguration",
                "resource": "",
                "value": "gp2"
              },
              {
                "name": "SSLCertificateArns",
                "namespace": "aws:elbv2:listener:443",
                "resource": "",
                "value": ""
              },
              {
                "name": "SSLPolicy",
                "namespace": "aws:elbv2:listener:443",
                "resource": "",
                "value": ""
              },
              {
                "name": "SecurityGroups",
                "namespace": "aws:autoscaling:launchconfiguration",
                "resource": "",
                "value": "sg-096bbce4e06982dd6"
              },
              {
                "name": "SecurityGroups",
                "namespace": "aws:elbv2:loadbalancer",
                "resource": "",
                "value": ""
              },
              {
                "name": "ServiceRole",
                "namespace": "aws:elasticbeanstalk:environment",
                "resource": "",
                "value": "default-eb-service"
              },
              {
                "name": "Statistic",
                "namespace": "aws:autoscaling:trigger",
                "resource": "",
                "value": "Average"
              },
              {
                "name": "StickinessEnabled",
                "namespace": "aws:elasticbeanstalk:environment:process:default",
                "resource": "",
                "value": "false"
              },
              {
                "name": "StreamLogs",
                "namespace": "aws:elasticbeanstalk:cloudwatch:logs",
                "resource": "",
                "value": "false"
              },
              {
                "name": "Subnets",
                "namespace": "aws:ec2:vpc",
                "resource": "",
                "value": "subnet-068a2fa3fd056ad57,subnet-07ebae42d6c111000"
              },
              {
                "name": "SystemType",
                "namespace": "aws:elasticbeanstalk:healthreporting:system",
                "resource": "",
                "value": "enhanced"
              },
              {
                "name": "Timeout",
                "namespace": "aws:elasticbeanstalk:command",
                "resource": "",
                "value": "600"
              },
              {
                "name": "Unit",
                "namespace": "aws:autoscaling:trigger",
                "resource": "",
                "value": "Percent"
              },
              {
                "name": "UpdateLevel",
                "namespace": "aws:elasticbeanstalk:managedactions:platformupdate",
                "resource": "",
                "value": "minor"
              },
              {
                "name": "UpperBreachScaleIncrement",
                "namespace": "aws:autoscaling:trigger",
                "resource": "",
                "value": "1"
              },
              {
                "name": "UpperThreshold",
                "namespace": "aws:autoscaling:trigger",
                "resource": "",
                "value": "80"
              },
              {
                "name": "VPCId",
                "namespace": "aws:ec2:vpc",
                "resource": "",
                "value": "vpc-0e8fada488b48891b"
              }
            ],
            "solution_stack_name": "64bit Amazon Linux 2018.03 v2.16.0 running Docker 19.03.6-ce",
            "tags": null,
            "template_name": null,
            "tier": "WebServer",
            "triggers": [],
            "version_label": "daniyal-docker-001",
            "wait_for_ready_timeout": "20m"
          },
          "private": "eyJzY2hlbWFfdmVyc2lvbiI6IjEifQ==",
          "dependencies": [
            "module.elastic-beanstalk-environment.aws_iam_instance_profile.ec2",
            "module.elastic-beanstalk-environment.aws_iam_role.service",
            "module.elastic-beanstalk-environment.aws_security_group.default",
            "module.elastic-beanstalk.aws_elastic_beanstalk_application.default",
            "module.vpc.aws_subnet.public-subnets",
            "module.vpc.aws_vpc.vpc"
          ]
        }
      ]
    },
    {
      "module": "module.elastic-beanstalk-environment",
      "mode": "managed",
      "type": "aws_iam_instance_profile",
      "name": "ec2",
      "provider": "provider[\"registry.terraform.io/hashicorp/aws\"]",
      "instances": [
        {
          "schema_version": 0,
          "attributes": {
            "arn": "arn:aws:iam::020046395185:instance-profile/default-eb-ec2",
            "create_date": "2020-10-22T21:39:07Z",
            "id": "default-eb-ec2",
            "name": "default-eb-ec2",
            "name_prefix": null,
            "path": "/",
            "role": "default-eb-ec2",
            "unique_id": "AIPAQJKW3W4YQZQ3Q3Y6T"
          },
          "private": "bnVsbA==",
          "dependencies": [
            "module.elastic-beanstalk-environment.aws_iam_role.ec2",
            "module.elastic-beanstalk-environment.data.aws_iam_policy_document.ec2"
          ]
        }
      ]
    },
    {
      "module": "module.elastic-beanstalk-environment",
      "mode": "managed",
      "type": "aws_iam_role",
      "name": "ec2",
      "provider": "provider[\"registry.terraform.io/hashicorp/aws\"]",
      "instances": [
        {
          "schema_version": 0,
          "attributes": {
            "arn": "arn:aws:iam::020046395185:role/default-eb-ec2",
            "assume_role_policy": "{\"Version\":\"2012-10-17\",\"Statement\":[{\"Sid\":\"\",\"Effect\":\"Allow\",\"Principal\":{\"Service\":\"ec2.amazonaws.com\"},\"Action\":\"sts:AssumeRole\"},{\"Sid\":\"\",\"Effect\":\"Allow\",\"Principal\":{\"Service\":\"ssm.amazonaws.com\"},\"Action\":\"sts:AssumeRole\"}]}",
            "create_date": "2020-10-22T21:39:05Z",
            "description": "",
            "force_detach_policies": false,
            "id": "default-eb-ec2",
            "max_session_duration": 3600,
            "name": "default-eb-ec2",
            "name_prefix": null,
            "path": "/",
            "permissions_boundary": null,
            "tags": {},
            "unique_id": "AROAQJKW3W4YYKVQBYYF3"
          },
          "private": "bnVsbA==",
          "dependencies": [
            "module.elastic-beanstalk-environment.data.aws_iam_policy_document.ec2"
          ],
          "create_before_destroy": true
        }
      ]
    },
    {
      "module": "module.elastic-beanstalk-environment",
      "mode": "managed",
      "type": "aws_iam_role",
      "name": "service",
      "provider": "provider[\"registry.terraform.io/hashicorp/aws\"]",
      "instances": [
        {
          "schema_version": 0,
          "attributes": {
            "arn": "arn:aws:iam::020046395185:role/default-eb-service",
            "assume_role_policy": "{\"Version\":\"2012-10-17\",\"Statement\":[{\"Sid\":\"\",\"Effect\":\"Allow\",\"Principal\":{\"Service\":\"elasticbeanstalk.amazonaws.com\"},\"Action\":\"sts:AssumeRole\"}]}",
            "create_date": "2020-10-22T21:39:05Z",
            "description": "",
            "force_detach_policies": false,
            "id": "default-eb-service",
            "max_session_duration": 3600,
            "name": "default-eb-service",
            "name_prefix": null,
            "path": "/",
            "permissions_boundary": null,
            "tags": {},
            "unique_id": "AROAQJKW3W4YWH57F4E7D"
          },
          "private": "bnVsbA==",
          "dependencies": [
            "module.elastic-beanstalk-environment.data.aws_iam_policy_document.service"
          ]
        }
      ]
    },
    {
      "module": "module.elastic-beanstalk-environment",
      "mode": "managed",
      "type": "aws_iam_role_policy_attachment",
      "name": "ecr_readonly",
      "provider": "provider[\"registry.terraform.io/hashicorp/aws\"]",
      "instances": [
        {
          "schema_version": 0,
          "attributes": {
            "id": "default-eb-ec2-20201022213907887400000002",
            "policy_arn": "arn:aws:iam::aws:policy/AmazonEC2ContainerRegistryReadOnly",
            "role": "default-eb-ec2"
          },
          "private": "bnVsbA==",
          "dependencies": [
            "module.elastic-beanstalk-environment.aws_iam_role.ec2",
            "module.elastic-beanstalk-environment.data.aws_iam_policy_document.ec2"
          ]
        }
      ]
    },
    {
      "module": "module.elastic-beanstalk-environment",
      "mode": "managed",
      "type": "aws_iam_role_policy_attachment",
      "name": "elastic_beanstalk_multi_container_docker",
      "provider": "provider[\"registry.terraform.io/hashicorp/aws\"]",
      "instances": [
        {
          "schema_version": 0,
          "attributes": {
            "id": "default-eb-ec2-20201022213907874600000001",
            "policy_arn": "arn:aws:iam::aws:policy/AWSElasticBeanstalkMulticontainerDocker",
            "role": "default-eb-ec2"
          },
          "private": "bnVsbA==",
          "dependencies": [
            "module.elastic-beanstalk-environment.aws_iam_role.ec2",
            "module.elastic-beanstalk-environment.data.aws_iam_policy_document.ec2"
          ]
        }
      ]
    },
    {
      "module": "module.elastic-beanstalk-environment",
      "mode": "managed",
      "type": "aws_iam_role_policy_attachment",
      "name": "enhanced_health",
      "provider": "provider[\"registry.terraform.io/hashicorp/aws\"]",
      "instances": [
        {
          "index_key": 0,
          "schema_version": 0,
          "attributes": {
            "id": "default-eb-service-20201022213910527400000007",
            "policy_arn": "arn:aws:iam::aws:policy/service-role/AWSElasticBeanstalkEnhancedHealth",
            "role": "default-eb-service"
          },
          "private": "bnVsbA==",
          "dependencies": [
            "module.elastic-beanstalk-environment.aws_iam_role.service",
            "module.elastic-beanstalk-environment.data.aws_iam_policy_document.service"
          ]
        }
      ]
    },
    {
      "module": "module.elastic-beanstalk-environment",
      "mode": "managed",
      "type": "aws_iam_role_policy_attachment",
      "name": "service",
      "provider": "provider[\"registry.terraform.io/hashicorp/aws\"]",
      "instances": [
        {
          "schema_version": 0,
          "attributes": {
            "id": "default-eb-service-20201022213910544900000008",
            "policy_arn": "arn:aws:iam::aws:policy/service-role/AWSElasticBeanstalkService",
            "role": "default-eb-service"
          },
          "private": "bnVsbA==",
          "dependencies": [
            "module.elastic-beanstalk-environment.aws_iam_role.service",
            "module.elastic-beanstalk-environment.data.aws_iam_policy_document.service"
          ]
        }
      ]
    },
    {
      "module": "module.elastic-beanstalk-environment",
      "mode": "managed",
      "type": "aws_iam_role_policy_attachment",
      "name": "ssm_automation",
      "provider": "provider[\"registry.terraform.io/hashicorp/aws\"]",
      "instances": [
        {
          "schema_version": 0,
          "attributes": {
            "id": "default-eb-ec2-20201022213908298400000005",
            "policy_arn": "arn:aws:iam::aws:policy/service-role/AmazonSSMAutomationRole",
            "role": "default-eb-ec2"
          },
          "private": "bnVsbA==",
          "dependencies": [
            "module.elastic-beanstalk-environment.aws_iam_role.ec2",
            "module.elastic-beanstalk-environment.data.aws_iam_policy_document.ec2"
          ],
          "create_before_destroy": true
        }
      ]
    },
    {
      "module": "module.elastic-beanstalk-environment",
      "mode": "managed",
      "type": "aws_iam_role_policy_attachment",
      "name": "ssm_ec2",
      "provider": "provider[\"registry.terraform.io/hashicorp/aws\"]",
      "instances": [
        {
          "schema_version": 0,
          "attributes": {
            "id": "default-eb-ec2-20201022213907902700000003",
            "policy_arn": "arn:aws:iam::aws:policy/AmazonSSMManagedInstanceCore",
            "role": "default-eb-ec2"
          },
          "private": "bnVsbA==",
          "dependencies": [
            "module.elastic-beanstalk-environment.aws_iam_role.ec2",
            "module.elastic-beanstalk-environment.data.aws_iam_policy_document.ec2"
          ],
          "create_before_destroy": true
        }
      ]
    },
    {
      "module": "module.elastic-beanstalk-environment",
      "mode": "managed",
      "type": "aws_iam_role_policy_attachment",
      "name": "web_tier",
      "provider": "provider[\"registry.terraform.io/hashicorp/aws\"]",
      "instances": [
        {
          "schema_version": 0,
          "attributes": {
            "id": "default-eb-ec2-20201022213909768300000006",
            "policy_arn": "arn:aws:iam::aws:policy/AWSElasticBeanstalkWebTier",
            "role": "default-eb-ec2"
          },
          "private": "bnVsbA==",
          "dependencies": [
            "module.elastic-beanstalk-environment.aws_iam_role.ec2",
            "module.elastic-beanstalk-environment.data.aws_iam_policy_document.ec2"
          ]
        }
      ]
    },
    {
      "module": "module.elastic-beanstalk-environment",
      "mode": "managed",
      "type": "aws_iam_role_policy_attachment",
      "name": "worker_tier",
      "provider": "provider[\"registry.terraform.io/hashicorp/aws\"]",
      "instances": [
        {
          "schema_version": 0,
          "attributes": {
            "id": "default-eb-ec2-20201022213907915000000004",
            "policy_arn": "arn:aws:iam::aws:policy/AWSElasticBeanstalkWorkerTier",
            "role": "default-eb-ec2"
          },
          "private": "bnVsbA==",
          "dependencies": [
            "module.elastic-beanstalk-environment.aws_iam_role.ec2",
            "module.elastic-beanstalk-environment.data.aws_iam_policy_document.ec2"
          ]
        }
      ]
    },
    {
      "module": "module.elastic-beanstalk-environment",
      "mode": "managed",
      "type": "aws_security_group",
      "name": "default",
      "provider": "provider[\"registry.terraform.io/hashicorp/aws\"]",
      "instances": [
        {
          "schema_version": 1,
          "attributes": {
            "arn": "arn:aws:ec2:us-east-2:020046395185:security-group/sg-096bbce4e06982dd6",
            "description": "Allow inbound traffic from provided Security Groups",
            "egress": [
              {
                "cidr_blocks": [
                  "0.0.0.0/0"
                ],
                "description": "",
                "from_port": 0,
                "ipv6_cidr_blocks": [],
                "prefix_list_ids": [],
                "protocol": "-1",
                "security_groups": [],
                "self": false,
                "to_port": 0
              }
            ],
            "id": "sg-096bbce4e06982dd6",
            "ingress": [
              {
                "cidr_blocks": [
                  "0.0.0.0/0"
                ],
                "description": "",
                "from_port": 0,
                "ipv6_cidr_blocks": [],
                "prefix_list_ids": [],
                "protocol": "-1",
                "security_groups": [],
                "self": false,
                "to_port": 0
              }
            ],
            "name": "elastic-beanstalk-env",
            "name_prefix": "",
            "owner_id": "020046395185",
            "revoke_rules_on_delete": false,
            "tags": {},
            "timeouts": null,
            "vpc_id": "vpc-0e8fada488b48891b"
          },
          "private": "eyJlMmJmYjczMC1lY2FhLTExZTYtOGY4OC0zNDM2M2JjN2M0YzAiOnsiY3JlYXRlIjo2MDAwMDAwMDAwMDAsImRlbGV0ZSI6NjAwMDAwMDAwMDAwfSwic2NoZW1hX3ZlcnNpb24iOiIxIn0=",
          "dependencies": [
            "module.vpc.aws_vpc.vpc"
          ]
        }
      ]
    },
    {
      "module": "module.elastic-beanstalk-environment",
      "mode": "managed",
      "type": "aws_ssm_activation",
      "name": "ec2",
      "provider": "provider[\"registry.terraform.io/hashicorp/aws\"]",
      "instances": [
        {
          "schema_version": 0,
          "attributes": {
            "activation_code": "ox+R7EQ+pM9M85yLADRY",
            "description": "",
            "expiration_date": "2020-10-23T21:39:15Z",
            "expired": false,
            "iam_role": "default-eb-ec2",
            "id": "995f269e-842e-4149-a751-cbad6a9dcebc",
            "name": "elastic-beanstalk-env",
            "registration_count": 0,
            "registration_limit": 2,
            "tags": {}
          },
          "private": "bnVsbA==",
          "dependencies": [
            "module.elastic-beanstalk-environment.aws_iam_role.ec2",
            "module.elastic-beanstalk-environment.data.aws_iam_policy_document.ec2"
          ]
        }
      ]
    },
    {
      "module": "module.vpc",
      "mode": "managed",
      "type": "aws_eip",
      "name": "nat",
      "provider": "provider[\"registry.terraform.io/hashicorp/aws\"]",
      "instances": [
        {
          "schema_version": 0,
          "attributes": {
            "allocation_id": null,
            "associate_with_private_ip": null,
            "association_id": "eipassoc-09a412b73112377b4",
            "customer_owned_ip": "",
            "customer_owned_ipv4_pool": "",
            "domain": "vpc",
            "id": "eipalloc-0a3db014d181ca21e",
            "instance": "",
            "network_interface": "eni-0fad630bdb3d8ec32",
            "private_dns": "ip-11-0-1-143.us-east-2.compute.internal",
            "private_ip": "11.0.1.143",
            "public_dns": "ec2-3-138-230-26.us-east-2.compute.amazonaws.com",
            "public_ip": "3.138.230.26",
            "public_ipv4_pool": "amazon",
            "tags": {},
            "timeouts": null,
            "vpc": true
          },
          "private": "eyJlMmJmYjczMC1lY2FhLTExZTYtOGY4OC0zNDM2M2JjN2M0YzAiOnsiZGVsZXRlIjoxODAwMDAwMDAwMDAsInJlYWQiOjkwMDAwMDAwMDAwMCwidXBkYXRlIjozMDAwMDAwMDAwMDB9fQ=="
        }
      ]
    },
    {
      "module": "module.vpc",
      "mode": "managed",
      "type": "aws_internet_gateway",
      "name": "vpc-gw",
      "provider": "provider[\"registry.terraform.io/hashicorp/aws\"]",
      "instances": [
        {
          "schema_version": 0,
          "attributes": {
            "arn": "arn:aws:ec2:us-east-2:020046395185:internet-gateway/igw-04c31dead70ae905a",
            "id": "igw-04c31dead70ae905a",
            "owner_id": "020046395185",
            "tags": {
              "Name": "default-elastic-beanstalk-env-gw"
            },
            "vpc_id": "vpc-0e8fada488b48891b"
          },
          "private": "bnVsbA==",
          "dependencies": [
            "module.vpc.aws_vpc.vpc"
          ]
        }
      ]
    },
    {
      "module": "module.vpc",
      "mode": "managed",
      "type": "aws_nat_gateway",
      "name": "nat-gw",
      "provider": "provider[\"registry.terraform.io/hashicorp/aws\"]",
      "instances": [
        {
          "schema_version": 0,
          "attributes": {
            "allocation_id": "eipalloc-0a3db014d181ca21e",
            "id": "nat-0edaa39a2870dcdf2",
            "network_interface_id": "eni-0fad630bdb3d8ec32",
            "private_ip": "11.0.1.143",
            "public_ip": "3.138.230.26",
            "subnet_id": "subnet-068a2fa3fd056ad57",
            "tags": {
              "Name": "default-elastic-beanstalk-env-nat-gw"
            }
          },
          "private": "bnVsbA==",
          "dependencies": [
            "module.vpc.aws_eip.nat",
            "module.vpc.aws_internet_gateway.vpc-gw",
            "module.vpc.aws_subnet.public-subnets",
            "module.vpc.aws_vpc.vpc"
          ]
        }
      ]
    },
    {
      "module": "module.vpc",
      "mode": "managed",
      "type": "aws_route_table",
      "name": "private-route-table",
      "provider": "provider[\"registry.terraform.io/hashicorp/aws\"]",
      "instances": [
        {
          "schema_version": 0,
          "attributes": {
            "id": "rtb-08974cf81d735cfb8",
            "owner_id": "020046395185",
            "propagating_vgws": [],
            "route": [
              {
                "cidr_block": "0.0.0.0/0",
                "egress_only_gateway_id": "",
                "gateway_id": "",
                "instance_id": "",
                "ipv6_cidr_block": "",
                "local_gateway_id": "",
                "nat_gateway_id": "nat-0edaa39a2870dcdf2",
                "network_interface_id": "",
                "transit_gateway_id": "",
                "vpc_peering_connection_id": ""
              }
            ],
            "tags": {
              "Name": "default-elastic-beanstalk-env-private-route-table"
            },
            "vpc_id": "vpc-0e8fada488b48891b"
          },
          "private": "bnVsbA==",
          "dependencies": [
            "module.vpc.aws_eip.nat",
            "module.vpc.aws_internet_gateway.vpc-gw",
            "module.vpc.aws_nat_gateway.nat-gw",
            "module.vpc.aws_subnet.public-subnets",
            "module.vpc.aws_vpc.vpc"
          ]
        }
      ]
    },
    {
      "module": "module.vpc",
      "mode": "managed",
      "type": "aws_route_table",
      "name": "public-route-table",
      "provider": "provider[\"registry.terraform.io/hashicorp/aws\"]",
      "instances": [
        {
          "schema_version": 0,
          "attributes": {
            "id": "rtb-0d5416effa64d3665",
            "owner_id": "020046395185",
            "propagating_vgws": [],
            "route": [
              {
                "cidr_block": "0.0.0.0/0",
                "egress_only_gateway_id": "",
                "gateway_id": "igw-04c31dead70ae905a",
                "instance_id": "",
                "ipv6_cidr_block": "",
                "local_gateway_id": "",
                "nat_gateway_id": "",
                "network_interface_id": "",
                "transit_gateway_id": "",
                "vpc_peering_connection_id": ""
              }
            ],
            "tags": {
              "Name": "default-elastic-beanstalk-env-public-route-table"
            },
            "vpc_id": "vpc-0e8fada488b48891b"
          },
          "private": "bnVsbA==",
          "dependencies": [
            "module.vpc.aws_internet_gateway.vpc-gw",
            "module.vpc.aws_vpc.vpc"
          ]
        }
      ]
    },
    {
      "module": "module.vpc",
      "mode": "managed",
      "type": "aws_route_table_association",
      "name": "public-subnets",
      "provider": "provider[\"registry.terraform.io/hashicorp/aws\"]",
      "instances": [
        {
          "index_key": 0,
          "schema_version": 0,
          "attributes": {
            "gateway_id": null,
            "id": "rtbassoc-0a9c284dcce98c72b",
            "route_table_id": "rtb-0d5416effa64d3665",
            "subnet_id": "subnet-068a2fa3fd056ad57"
          },
          "private": "bnVsbA==",
          "dependencies": [
            "module.vpc.aws_internet_gateway.vpc-gw",
            "module.vpc.aws_route_table.public-route-table",
            "module.vpc.aws_subnet.public-subnets",
            "module.vpc.aws_vpc.vpc"
          ]
        },
        {
          "index_key": 1,
          "schema_version": 0,
          "attributes": {
            "gateway_id": null,
            "id": "rtbassoc-01a8a4e09e94bd0bc",
            "route_table_id": "rtb-0d5416effa64d3665",
            "subnet_id": "subnet-07ebae42d6c111000"
          },
          "private": "bnVsbA==",
          "dependencies": [
            "module.vpc.aws_internet_gateway.vpc-gw",
            "module.vpc.aws_route_table.public-route-table",
            "module.vpc.aws_subnet.public-subnets",
            "module.vpc.aws_vpc.vpc"
          ]
        }
      ]
    },
    {
      "module": "module.vpc",
      "mode": "managed",
      "type": "aws_subnet",
      "name": "private-subnets",
      "provider": "provider[\"registry.terraform.io/hashicorp/aws\"]",
      "instances": [
        {
          "index_key": 0,
          "schema_version": 1,
          "attributes": {
            "arn": "arn:aws:ec2:us-east-2:020046395185:subnet/subnet-07b8bb63820104af7",
            "assign_ipv6_address_on_creation": false,
            "availability_zone": "us-east-2a",
            "availability_zone_id": "use2-az1",
            "cidr_block": "11.0.2.0/24",
            "id": "subnet-07b8bb63820104af7",
            "ipv6_cidr_block": "",
            "ipv6_cidr_block_association_id": "",
            "map_public_ip_on_launch": false,
            "outpost_arn": "",
            "owner_id": "020046395185",
            "tags": {
              "Name": "default-elastic-beanstalk-env-private-subnet-0"
            },
            "timeouts": null,
            "vpc_id": "vpc-0e8fada488b48891b"
          },
          "private": "eyJlMmJmYjczMC1lY2FhLTExZTYtOGY4OC0zNDM2M2JjN2M0YzAiOnsiY3JlYXRlIjo2MDAwMDAwMDAwMDAsImRlbGV0ZSI6MTIwMDAwMDAwMDAwMH0sInNjaGVtYV92ZXJzaW9uIjoiMSJ9",
          "dependencies": [
            "module.vpc.aws_vpc.vpc"
          ]
        },
        {
          "index_key": 1,
          "schema_version": 1,
          "attributes": {
            "arn": "arn:aws:ec2:us-east-2:020046395185:subnet/subnet-0d9dd7797a3627fa5",
            "assign_ipv6_address_on_creation": false,
            "availability_zone": "us-east-2b",
            "availability_zone_id": "use2-az2",
            "cidr_block": "11.0.4.0/24",
            "id": "subnet-0d9dd7797a3627fa5",
            "ipv6_cidr_block": "",
            "ipv6_cidr_block_association_id": "",
            "map_public_ip_on_launch": false,
            "outpost_arn": "",
            "owner_id": "020046395185",
            "tags": {
              "Name": "default-elastic-beanstalk-env-private-subnet-1"
            },
            "timeouts": null,
            "vpc_id": "vpc-0e8fada488b48891b"
          },
          "private": "eyJlMmJmYjczMC1lY2FhLTExZTYtOGY4OC0zNDM2M2JjN2M0YzAiOnsiY3JlYXRlIjo2MDAwMDAwMDAwMDAsImRlbGV0ZSI6MTIwMDAwMDAwMDAwMH0sInNjaGVtYV92ZXJzaW9uIjoiMSJ9",
          "dependencies": [
            "module.vpc.aws_vpc.vpc"
          ]
        }
      ]
    },
    {
      "module": "module.vpc",
      "mode": "managed",
      "type": "aws_subnet",
      "name": "public-subnets",
      "provider": "provider[\"registry.terraform.io/hashicorp/aws\"]",
      "instances": [
        {
          "index_key": 0,
          "schema_version": 1,
          "attributes": {
            "arn": "arn:aws:ec2:us-east-2:020046395185:subnet/subnet-068a2fa3fd056ad57",
            "assign_ipv6_address_on_creation": false,
            "availability_zone": "us-east-2a",
            "availability_zone_id": "use2-az1",
            "cidr_block": "11.0.1.0/24",
            "id": "subnet-068a2fa3fd056ad57",
            "ipv6_cidr_block": "",
            "ipv6_cidr_block_association_id": "",
            "map_public_ip_on_launch": true,
            "outpost_arn": "",
            "owner_id": "020046395185",
            "tags": {
              "Name": "default-elastic-beanstalk-env-public-subnet-0"
            },
            "timeouts": null,
            "vpc_id": "vpc-0e8fada488b48891b"
          },
          "private": "eyJlMmJmYjczMC1lY2FhLTExZTYtOGY4OC0zNDM2M2JjN2M0YzAiOnsiY3JlYXRlIjo2MDAwMDAwMDAwMDAsImRlbGV0ZSI6MTIwMDAwMDAwMDAwMH0sInNjaGVtYV92ZXJzaW9uIjoiMSJ9",
          "dependencies": [
            "module.vpc.aws_vpc.vpc"
          ]
        },
        {
          "index_key": 1,
          "schema_version": 1,
          "attributes": {
            "arn": "arn:aws:ec2:us-east-2:020046395185:subnet/subnet-07ebae42d6c111000",
            "assign_ipv6_address_on_creation": false,
            "availability_zone": "us-east-2b",
            "availability_zone_id": "use2-az2",
            "cidr_block": "11.0.3.0/24",
            "id": "subnet-07ebae42d6c111000",
            "ipv6_cidr_block": "",
            "ipv6_cidr_block_association_id": "",
            "map_public_ip_on_launch": true,
            "outpost_arn": "",
            "owner_id": "020046395185",
            "tags": {
              "Name": "default-elastic-beanstalk-env-public-subnet-1"
            },
            "timeouts": null,
            "vpc_id": "vpc-0e8fada488b48891b"
          },
          "private": "eyJlMmJmYjczMC1lY2FhLTExZTYtOGY4OC0zNDM2M2JjN2M0YzAiOnsiY3JlYXRlIjo2MDAwMDAwMDAwMDAsImRlbGV0ZSI6MTIwMDAwMDAwMDAwMH0sInNjaGVtYV92ZXJzaW9uIjoiMSJ9",
          "dependencies": [
            "module.vpc.aws_vpc.vpc"
          ]
        }
      ]
    },
    {
      "module": "module.vpc",
      "mode": "managed",
      "type": "aws_vpc",
      "name": "vpc",
      "provider": "provider[\"registry.terraform.io/hashicorp/aws\"]",
      "instances": [
        {
          "schema_version": 1,
          "attributes": {
            "arn": "arn:aws:ec2:us-east-2:020046395185:vpc/vpc-0e8fada488b48891b",
            "assign_generated_ipv6_cidr_block": false,
            "cidr_block": "11.0.0.0/16",
            "default_network_acl_id": "acl-0a49160247fa6adfe",
            "default_route_table_id": "rtb-033db39ddf910b252",
            "default_security_group_id": "sg-00cacc65602bf3a28",
            "dhcp_options_id": "dopt-1536fe7e",
            "enable_classiclink": null,
            "enable_classiclink_dns_support": null,
            "enable_dns_hostnames": true,
            "enable_dns_support": true,
            "id": "vpc-0e8fada488b48891b",
            "instance_tenancy": "default",
            "ipv6_association_id": "",
            "ipv6_cidr_block": "",
            "main_route_table_id": "rtb-033db39ddf910b252",
            "owner_id": "020046395185",
            "tags": {
              "Name": "default-elastic-beanstalk-env"
            }
          },
          "private": "eyJzY2hlbWFfdmVyc2lvbiI6IjEifQ=="
        }
      ]
    }
  ]
}
